
Microsoft Visual Studio Solution File, Format Version 12.00
# Visual Studio 15
VisualStudioVersion = 15.0.28307.489
MinimumVisualStudioVersion = 10.0.40219.1
Project("{FAE04EC0-301F-11D3-BF4B-00C04F79EFBC}") = "Igrica", "Igrica\Igrica.csproj", "{82660B0E-DB22-4638-A409-6C8D307A0FF8}"
EndProject
Global
	GlobalSection(SolutionConfigurationPlatforms) = preSolution
		Debug|Any CPU = Debug|Any CPU
		Release|Any CPU = Release|Any CPU
	EndGlobalSection
	GlobalSection(ProjectConfigurationPlatforms) = postSolution
		{82660B0E-DB22-4638-A409-6C8D307A0FF8}.Debug|Any CPU.ActiveCfg = Debug|Any CPU
		{82660B0E-DB22-4638-A409-6C8D307A0FF8}.Debug|Any CPU.Build.0 = Debug|Any CPU
		{82660B0E-DB22-4638-A409-6C8D307A0FF8}.Release|Any CPU.ActiveCfg = Release|Any CPU
		{82660B0E-DB22-4638-A409-6C8D307A0FF8}.Release|Any CPU.Build.0 = Release|Any CPU
	EndGlobalSection
	GlobalSection(SolutionProperties) = preSolution
		HideSolutionNode = FALSE
	EndGlobalSection
	GlobalSection(ExtensibilityGlobals) = postSolution
		SolutionGuid = {D041BC3B-453D-4115-82DC-C412B883A978}
	EndGlobalSection
EndGlobal
